Microsoft Visual Studio Solution File, Format Version 12.00
# Visual Studio Version 17
VisualStudioVersion = 17.5.2.0
MinimumVisualStudioVersion = 10.0.40219.1
Project("{FAE04EC0-301F-11D3-BF4B-00C04F79EFBC}") = "HelloWorldRazor", "HelloWorldRazor.csproj", "{BB30F0BF-634B-AE12-1107-8C09790DB68C}"
EndProject
Global
	GlobalSection(SolutionConfigurationPlatforms) = preSolution
		Debug|Any CPU = Debug|Any CPU
		Release|Any CPU = Release|Any CPU
	EndGlobalSection
	GlobalSection(ProjectConfigurationPlatforms) = postSolution
		{BB30F0BF-634B-AE12-1107-8C09790DB68C}.Debug|Any CPU.ActiveCfg = Debug|Any CPU
		{BB30F0BF-634B-AE12-1107-8C09790DB68C}.Debug|Any CPU.Build.0 = Debug|Any CPU
		{BB30F0BF-634B-AE12-1107-8C09790DB68C}.Release|Any CPU.ActiveCfg = Release|Any CPU
		{BB30F0BF-634B-AE12-1107-8C09790DB68C}.Release|Any CPU.Build.0 = Release|Any CPU
	EndGlobalSection
	GlobalSection(SolutionProperties) = preSolution
		HideSolutionNode = FALSE
	EndGlobalSection
	GlobalSection(ExtensibilityGlobals) = postSolution
		SolutionGuid = {C3D19BEA-1262-47CE-90A4-F5A8545C4C17}
	EndGlobalSection
EndGlobal
